
Microsoft Visual Studio Solution File, Format Version 12.00
# Visual Studio Version 16
VisualStudioVersion = 16.0.29424.173
MinimumVisualStudioVersion = 10.0.40219.1
Project("{9A19103F-16F7-4668-BE54-9A1E7A4F7556}") = "PLCSimPP.Launcher", "PLCSimPP.Launcher\PLCSimPP.Launcher.csproj", "{1C944A9C-5193-48C0-B37F-47034A93A9D6}"
	ProjectSection(ProjectDependencies) = postProject
		{0C1B0B8D-0927-4433-9DB1-9148EBB2B167} = {0C1B0B8D-0927-4433-9DB1-9148EBB2B167}
	EndProjectSection
EndProject
Project("{9A19103F-16F7-4668-BE54-9A1E7A4F7556}") = "PLCSimPP.Comm", "PLCSimPP.Comm\PLCSimPP.Comm.csproj", "{E7F0EF14-9D08-43D9-A4DB-36D09E8844F6}"
EndProject
Project("{9A19103F-16F7-4668-BE54-9A1E7A4F7556}") = "PLCSimPP.Service", "PLCSimPP.Service\PLCSimPP.Service.csproj", "{0C1B0B8D-0927-4433-9DB1-9148EBB2B167}"
EndProject
Project("{9A19103F-16F7-4668-BE54-9A1E7A4F7556}") = "PLCSimPP.Test", "PLCSimPP.Test\PLCSimPP.Test.csproj", "{3F6982BF-80C8-4519-8EB8-80D6EDA34B92}"
EndProject
Project("{9A19103F-16F7-4668-BE54-9A1E7A4F7556}") = "PLCSimPP.Log", "PLCSimPP.Log\PLCSimPP.Log.csproj", "{9C9A7306-E274-43F1-A303-3494B5555906}"
EndProject
Project("{9A19103F-16F7-4668-BE54-9A1E7A4F7556}") = "PLCSimPP.Layout", "PLCSimPP.Layout\PLCSimPP.Layout.csproj", "{4FF84A11-C66C-42C3-BA52-595D945FE5DD}"
EndProject
Project("{9A19103F-16F7-4668-BE54-9A1E7A4F7556}") = "PLCSimPP.Config", "PLCSimPP.Config\PLCSimPP.Config.csproj", "{AE3DE0DC-79DA-4DA6-BD07-B4385FB84FD3}"
EndProject
Project("{9A19103F-16F7-4668-BE54-9A1E7A4F7556}") = "TestTcp", "TestTcp\TestTcp.csproj", "{75F90416-9F18-4124-8AEE-7F757619E6F6}"
EndProject
Project("{9A19103F-16F7-4668-BE54-9A1E7A4F7556}") = "PLCSimPP.Communication", "PLCSimPP.Communication\PLCSimPP.Communication.csproj", "{F2591A29-CB2F-4B76-8866-AA505B20FC0E}"
EndProject
Project("{2150E333-8FDC-42A3-9474-1A3956D46DE8}") = "GUI", "GUI", "{59FDEC9A-BA66-483E-803B-CB8C08C81356}"
EndProject
Project("{9A19103F-16F7-4668-BE54-9A1E7A4F7556}") = "PLCSimPP.MainWindow", "PLCSimPP.MainWindow\PLCSimPP.MainWindow.csproj", "{008ECEB5-4BBA-495B-A7A5-75DCD0C8A661}"
EndProject
Project("{9A19103F-16F7-4668-BE54-9A1E7A4F7556}") = "PLCSimPP.PresentationControls", "PLCSimPP.PresentationControls\PLCSimPP.PresentationControls.csproj", "{0D6E33E6-242D-4A37-8901-5883D9140B3D}"
EndProject
Project("{FAE04EC0-301F-11D3-BF4B-00C04F79EFBC}") = "DcSimCom", "DcSimCom\DcSimCom.csproj", "{D8D517C1-892F-4172-B9E8-4288CDCF190B}"
EndProject
Project("{2150E333-8FDC-42A3-9474-1A3956D46DE8}") = "ExternalLib", "ExternalLib", "{9C67D65B-CD20-470E-8FD5-E5DF4C902D35}"
EndProject
Project("{FAE04EC0-301F-11D3-BF4B-00C04F79EFBC}") = "CommonLib", "CommonLib\CommonLib.csproj", "{B3B3DCF4-B502-403A-85CC-467A2B61CD95}"
EndProject
Project("{FAE04EC0-301F-11D3-BF4B-00C04F79EFBC}") = "DxCSimCom", "DxCSimCom\DxCSimCom.csproj", "{355594ED-C1C6-476D-985C-8FFC284E06FC}"
EndProject
Global
	GlobalSection(SolutionConfigurationPlatforms) = preSolution
		Debug|Any CPU = Debug|Any CPU
		Release|Any CPU = Release|Any CPU
	EndGlobalSection
	GlobalSection(ProjectConfigurationPlatforms) = postSolution
		{1C944A9C-5193-48C0-B37F-47034A93A9D6}.Debug|Any CPU.ActiveCfg = Debug|Any CPU
		{1C944A9C-5193-48C0-B37F-47034A93A9D6}.Debug|Any CPU.Build.0 = Debug|Any CPU
		{1C944A9C-5193-48C0-B37F-47034A93A9D6}.Release|Any CPU.ActiveCfg = Release|Any CPU
		{1C944A9C-5193-48C0-B37F-47034A93A9D6}.Release|Any CPU.Build.0 = Release|Any CPU
		{E7F0EF14-9D08-43D9-A4DB-36D09E8844F6}.Debug|Any CPU.ActiveCfg = Debug|Any CPU
		{E7F0EF14-9D08-43D9-A4DB-36D09E8844F6}.Debug|Any CPU.Build.0 = Debug|Any CPU
		{E7F0EF14-9D08-43D9-A4DB-36D09E8844F6}.Release|Any CPU.ActiveCfg = Release|Any CPU
		{E7F0EF14-9D08-43D9-A4DB-36D09E8844F6}.Release|Any CPU.Build.0 = Release|Any CPU
		{0C1B0B8D-0927-4433-9DB1-9148EBB2B167}.Debug|Any CPU.ActiveCfg = Debug|Any CPU
		{0C1B0B8D-0927-4433-9DB1-9148EBB2B167}.Debug|Any CPU.Build.0 = Debug|Any CPU
		{0C1B0B8D-0927-4433-9DB1-9148EBB2B167}.Release|Any CPU.ActiveCfg = Release|Any CPU
		{0C1B0B8D-0927-4433-9DB1-9148EBB2B167}.Release|Any CPU.Build.0 = Release|Any CPU
		{3F6982BF-80C8-4519-8EB8-80D6EDA34B92}.Debug|Any CPU.ActiveCfg = Debug|Any CPU
		{3F6982BF-80C8-4519-8EB8-80D6EDA34B92}.Debug|Any CPU.Build.0 = Debug|Any CPU
		{3F6982BF-80C8-4519-8EB8-80D6EDA34B92}.Release|Any CPU.ActiveCfg = Release|Any CPU
		{3F6982BF-80C8-4519-8EB8-80D6EDA34B92}.Release|Any CPU.Build.0 = Release|Any CPU
		{9C9A7306-E274-43F1-A303-3494B5555906}.Debug|Any CPU.ActiveCfg = Debug|Any CPU
		{9C9A7306-E274-43F1-A303-3494B5555906}.Debug|Any CPU.Build.0 = Debug|Any CPU
		{9C9A7306-E274-43F1-A303-3494B5555906}.Release|Any CPU.ActiveCfg = Release|Any CPU
		{9C9A7306-E274-43F1-A303-3494B5555906}.Release|Any CPU.Build.0 = Release|Any CPU
		{4FF84A11-C66C-42C3-BA52-595D945FE5DD}.Debug|Any CPU.ActiveCfg = Debug|Any CPU
		{4FF84A11-C66C-42C3-BA52-595D945FE5DD}.Debug|Any CPU.Build.0 = Debug|Any CPU
		{4FF84A11-C66C-42C3-BA52-595D945FE5DD}.Release|Any CPU.ActiveCfg = Release|Any CPU
		{4FF84A11-C66C-42C3-BA52-595D945FE5DD}.Release|Any CPU.Build.0 = Release|Any CPU
		{AE3DE0DC-79DA-4DA6-BD07-B4385FB84FD3}.Debug|Any CPU.ActiveCfg = Debug|Any CPU
		{AE3DE0DC-79DA-4DA6-BD07-B4385FB84FD3}.Debug|Any CPU.Build.0 = Debug|Any CPU
		{AE3DE0DC-79DA-4DA6-BD07-B4385FB84FD3}.Release|Any CPU.ActiveCfg = Release|Any CPU
		{AE3DE0DC-79DA-4DA6-BD07-B4385FB84FD3}.Release|Any CPU.Build.0 = Release|Any CPU
		{75F90416-9F18-4124-8AEE-7F757619E6F6}.Debug|Any CPU.ActiveCfg = Debug|Any CPU
		{75F90416-9F18-4124-8AEE-7F757619E6F6}.Debug|Any CPU.Build.0 = Debug|Any CPU
		{75F90416-9F18-4124-8AEE-7F757619E6F6}.Release|Any CPU.ActiveCfg = Release|Any CPU
		{75F90416-9F18-4124-8AEE-7F757619E6F6}.Release|Any CPU.Build.0 = Release|Any CPU
		{F2591A29-CB2F-4B76-8866-AA505B20FC0E}.Debug|Any CPU.ActiveCfg = Debug|Any CPU
		{F2591A29-CB2F-4B76-8866-AA505B20FC0E}.Debug|Any CPU.Build.0 = Debug|Any CPU
		{F2591A29-CB2F-4B76-8866-AA505B20FC0E}.Release|Any CPU.ActiveCfg = Release|Any CPU
		{F2591A29-CB2F-4B76-8866-AA505B20FC0E}.Release|Any CPU.Build.0 = Release|Any CPU
		{008ECEB5-4BBA-495B-A7A5-75DCD0C8A661}.Debug|Any CPU.ActiveCfg = Debug|Any CPU
		{008ECEB5-4BBA-495B-A7A5-75DCD0C8A661}.Debug|Any CPU.Build.0 = Debug|Any CPU
		{008ECEB5-4BBA-495B-A7A5-75DCD0C8A661}.Release|Any CPU.ActiveCfg = Release|Any CPU
		{008ECEB5-4BBA-495B-A7A5-75DCD0C8A661}.Release|Any CPU.Build.0 = Release|Any CPU
		{0D6E33E6-242D-4A37-8901-5883D9140B3D}.Debug|Any CPU.ActiveCfg = Debug|Any CPU
		{0D6E33E6-242D-4A37-8901-5883D9140B3D}.Debug|Any CPU.Build.0 = Debug|Any CPU
		{0D6E33E6-242D-4A37-8901-5883D9140B3D}.Release|Any CPU.ActiveCfg = Release|Any CPU
		{0D6E33E6-242D-4A37-8901-5883D9140B3D}.Release|Any CPU.Build.0 = Release|Any CPU
		{D8D517C1-892F-4172-B9E8-4288CDCF190B}.Debug|Any CPU.ActiveCfg = Debug|Any CPU
		{D8D517C1-892F-4172-B9E8-4288CDCF190B}.Debug|Any CPU.Build.0 = Debug|Any CPU
		{D8D517C1-892F-4172-B9E8-4288CDCF190B}.Release|Any CPU.ActiveCfg = Release|Any CPU
		{D8D517C1-892F-4172-B9E8-4288CDCF190B}.Release|Any CPU.Build.0 = Release|Any CPU
		{B3B3DCF4-B502-403A-85CC-467A2B61CD95}.Debug|Any CPU.ActiveCfg = Debug|Any CPU
		{B3B3DCF4-B502-403A-85CC-467A2B61CD95}.Debug|Any CPU.Build.0 = Debug|Any CPU
		{B3B3DCF4-B502-403A-85CC-467A2B61CD95}.Release|Any CPU.ActiveCfg = Release|Any CPU
		{B3B3DCF4-B502-403A-85CC-467A2B61CD95}.Release|Any CPU.Build.0 = Release|Any CPU
		{355594ED-C1C6-476D-985C-8FFC284E06FC}.Debug|Any CPU.ActiveCfg = Debug|Any CPU
		{355594ED-C1C6-476D-985C-8FFC284E06FC}.Debug|Any CPU.Build.0 = Debug|Any CPU
		{355594ED-C1C6-476D-985C-8FFC284E06FC}.Release|Any CPU.ActiveCfg = Release|Any CPU
		{355594ED-C1C6-476D-985C-8FFC284E06FC}.Release|Any CPU.Build.0 = Release|Any CPU
	EndGlobalSection
	GlobalSection(SolutionProperties) = preSolution
		HideSolutionNode = FALSE
	EndGlobalSection
	GlobalSection(NestedProjects) = preSolution
		{9C9A7306-E274-43F1-A303-3494B5555906} = {59FDEC9A-BA66-483E-803B-CB8C08C81356}
		{4FF84A11-C66C-42C3-BA52-595D945FE5DD} = {59FDEC9A-BA66-483E-803B-CB8C08C81356}
		{AE3DE0DC-79DA-4DA6-BD07-B4385FB84FD3} = {59FDEC9A-BA66-483E-803B-CB8C08C81356}
		{008ECEB5-4BBA-495B-A7A5-75DCD0C8A661} = {59FDEC9A-BA66-483E-803B-CB8C08C81356}
		{0D6E33E6-242D-4A37-8901-5883D9140B3D} = {59FDEC9A-BA66-483E-803B-CB8C08C81356}
		{D8D517C1-892F-4172-B9E8-4288CDCF190B} = {9C67D65B-CD20-470E-8FD5-E5DF4C902D35}
		{B3B3DCF4-B502-403A-85CC-467A2B61CD95} = {9C67D65B-CD20-470E-8FD5-E5DF4C902D35}
		{355594ED-C1C6-476D-985C-8FFC284E06FC} = {9C67D65B-CD20-470E-8FD5-E5DF4C902D35}
	EndGlobalSection
	GlobalSection(ExtensibilityGlobals) = postSolution
		SolutionGuid = {59199201-EDB8-47FC-B091-520E2BA61AEC}
	EndGlobalSection
EndGlobal
